
Microsoft Visual Studio Solution File, Format Version 12.00
# Visual Studio Version 16
VisualStudioVersion = 16.0.29709.97
MinimumVisualStudioVersion = 10.0.40219.1
Project("{FAE04EC0-301F-11D3-BF4B-00C04F79EFBC}") = "DiscordBot", "DiscordBot\DiscordBot.csproj", "{A6AEB0F8-FAFC-47EA-BD3D-95ED9F183EE8}"
EndProject
Global
	GlobalSection(SolutionConfigurationPlatforms) = preSolution
		Debug|Any CPU = Debug|Any CPU
		Release|Any CPU = Release|Any CPU
	EndGlobalSection
	GlobalSection(ProjectConfigurationPlatforms) = postSolution
		{A6AEB0F8-FAFC-47EA-BD3D-95ED9F183EE8}.Debug|Any CPU.ActiveCfg = Debug|Any CPU
		{A6AEB0F8-FAFC-47EA-BD3D-95ED9F183EE8}.Debug|Any CPU.Build.0 = Debug|Any CPU
		{A6AEB0F8-FAFC-47EA-BD3D-95ED9F183EE8}.Release|Any CPU.ActiveCfg = Release|Any CPU
		{A6AEB0F8-FAFC-47EA-BD3D-95ED9F183EE8}.Release|Any CPU.Build.0 = Release|Any CPU
	EndGlobalSection
	GlobalSection(SolutionProperties) = preSolution
		HideSolutionNode = FALSE
	EndGlobalSection
	GlobalSection(ExtensibilityGlobals) = postSolution
		SolutionGuid = {A8328874-A671-4F12-9C17-0638B5482877}
	EndGlobalSection
EndGlobal
